<?xml version="1.0" encoding="UTF-8"?>
<Scheme
   version = "1.8">
   <BuildAction
      parallelizeBuildables = "YES"
      buildImplicitDependencies = "YES">
      <BuildActionEntries>
         <BuildActionEntry
            buildForTesting = "YES"
            buildForRunning = "YES"
            buildForProfiling = "YES"
            buildForArchiving = "YES"
            buildForAnalyzing = "YES">
            <BuildableReference
               BuildableIdentifier = "primary"
               BlueprintIdentifier = "8DD76FA90486AB0100D96B5E"
               BuildableName = "chunky"
               BlueprintName = "chunky"
               ReferencedContainer = "container:chunky.xcodeproj">
            </BuildableReference>
         </BuildActionEntry>
      </BuildActionEntries>
   </BuildAction>
   <TestAction
      buildConfiguration = "Debug"
      selectedDebuggerIdentifier = "Xcode.DebuggerFoundation.Debugger.LLDB"
      selectedLauncherIdentifier = "Xcode.DebuggerFoundation.Launcher.LLDB"
      shouldUseLaunchSchemeArgsEnv = "YES">
      <Testables>
      </Testables>
   </TestAction>
   <LaunchAction
      buildConfiguration = "Release"
      selectedDebuggerIdentifier = "Xcode.DebuggerFoundation.Debugger.LLDB"
      selectedLauncherIdentifier = "Xcode.DebuggerFoundation.Launcher.LLDB"
      displayScaleIsEnabled = "NO"
      displayScale = "1.00"
      launchStyle = "0"
      useCustomWorkingDirectory = "YES"
      customWorkingDirectory = "/Users/lemouton/Projets/Co/Manoury/Partita I/Partita1-2020/Partita-simulations"
      ignoresPersistentStateOnLaunch = "NO"
      debugDocumentVersioning = "YES"
      debugServiceExtension = "internal"
      allowLocationSimulation = "YES">
      <BuildableProductRunnable
         runnableDebuggingMode = "0">
         <BuildableReference
            BuildableIdentifier = "primary"
            BlueprintIdentifier = "8DD76FA90486AB0100D96B5E"
            BuildableName = "chunky"
            BlueprintName = "chunky"
            ReferencedContainer = "container:chunky.xcodeproj">
         </BuildableReference>
      </BuildableProductRunnable>
      <CommandLineArguments>
         <CommandLineArgument
            argument = "-h"
            isEnabled = "NO">
         </CommandLineArgument>
         <CommandLineArgument
            argument = "-v -r urphanomenon-repet1_markers.csv urphanomenon-repet1-v1_DPA4099_16.aif urphanomenon-repet1-v1_DPA4099_markers.aif"
            isEnabled = "NO">
         </CommandLineArgument>
         <CommandLineArgument
            argument = "-v -r urphanomenon-repet1_markers.csv urphanomenon-repet1-v1_SennheiserMKH40.aiff urphanomenon-repet1-v1_SennheiserMKH40-markers.aiff"
            isEnabled = "NO">
         </CommandLineArgument>
         <CommandLineArgument
            argument = "-v -r SJB_piano2019_markers.csv SJB_piano2019.aiff SJB_piano2019_markers.aiff"
            isEnabled = "NO">
         </CommandLineArgument>
         <CommandLineArgument
            argument = "-m Partita1-Contact-rec-Concert.coll Partita1-Contact-rec-Concert.aif Partita1-Contact-rec-Concert_mmm.aif"
            isEnabled = "YES">
         </CommandLineArgument>
         <CommandLineArgument
            argument = "-v test1A-3.aif test"
            isEnabled = "NO">
         </CommandLineArgument>
         <CommandLineArgument
            argument = "test1A-3ff.aif"
            isEnabled = "NO">
         </CommandLineArgument>
         <CommandLineArgument
            argument = "test"
            isEnabled = "NO">
         </CommandLineArgument>
         <CommandLineArgument
            argument = "-v -m audacityLabelTrack.txt test1A-3.aif test.aif"
            isEnabled = "NO">
         </CommandLineArgument>
         <CommandLineArgument
            argument = "-v -r urphanomenon-repet1_markers.csv  test1A-3.aif test.aif"
            isEnabled = "NO">
         </CommandLineArgument>
      </CommandLineArguments>
   </LaunchAction>
   <ProfileAction
      displayScaleIsEnabled = "NO"
      displayScale = "1.00"
      buildConfiguration = "ReleaseUB"
      shouldUseLaunchSchemeArgsEnv = "YES"
      savedToolIdentifier = ""
      useCustomWorkingDirectory = "NO"
      debugDocumentVersioning = "YES">
      <BuildableProductRunnable
         runnableDebuggingMode = "0">
         <BuildableReference
            BuildableIdentifier = "primary"
            BlueprintIdentifier = "8DD76FA90486AB0100D96B5E"
            BuildableName = "chunky"
            BlueprintName = "chunky"
            ReferencedContainer = "container:chunky.xcodeproj">
         </BuildableReference>
      </BuildableProductRunnable>
   </ProfileAction>
   <AnalyzeAction
      buildConfiguration = "Debug">
   </AnalyzeAction>
   <ArchiveAction
      buildConfiguration = "ReleaseUB"
      revealArchiveInOrganizer = "YES">
   </ArchiveAction>
</Scheme>
